// !$*UTF8*$!
{
	archiveVersion = 1;
	classes = {
	};
	objectVersion = 46;
	objects = {

/* Begin PBXBuildFile section */
		3F61A60D1A03640C00DD085B /* AppDelegate.swift in Sources */ = {isa = PBXBuildFile; fileRef = 3F61A60C1A03640C00DD085B /* AppDelegate.swift */; };
		3F61A6101A03640C00DD085B /* coreDataExample.xcdatamodeld in Sources */ = {isa = PBXBuildFile; fileRef = 3F61A60E1A03640C00DD085B /* coreDataExample.xcdatamodeld */; };
		3F61A6121A03640C00DD085B /* ViewController.swift in Sources */ = {isa = PBXBuildFile; fileRef = 3F61A6111A03640C00DD085B /* ViewController.swift */; };
		3F61A6151A03640C00DD085B /* Main.storyboard in Resources */ = {isa = PBXBuildFile; fileRef = 3F61A6131A03640C00DD085B /* Main.storyboard */; };
		3F61A6171A03640C00DD085B /* Images.xcassets in Resources */ = {isa = PBXBuildFile; fileRef = 3F61A6161A03640C00DD085B /* Images.xcassets */; };
		3F61A61A1A03640C00DD085B /* LaunchScreen.xib in Resources */ = {isa = PBXBuildFile; fileRef = 3F61A6181A03640C00DD085B /* LaunchScreen.xib */; };
		3F61A6261A03640C00DD085B /* coreDataExampleTests.swift in Sources */ = {isa = PBXBuildFile; fileRef = 3F61A6251A03640C00DD085B /* coreDataExampleTests.swift */; };
/* End PBXBuildFile section */

/* Begin PBXContainerItemProxy section */
		3F61A6201A03640C00DD085B /* PBXContainerItemProxy */ = {
			isa = PBXContainerItemProxy;
			containerPortal = 3F61A5FF1A03640C00DD085B /* Project object */;
			proxyType = 1;
			remoteGlobalIDString = 3F61A6061A03640C00DD085B;
			remoteInfo = coreDataExample;
		};
/* End PBXContainerItemProxy section */

/* Begin PBXFileReference section */
		3F61A6071A03640C00DD085B /* coreDataExample.app */ = {isa = PBXFileReference; explicitFileType = wrapper.application; includeInIndex = 0; path = coreDataExample.app; sourceTree = BUILT_PRODUCTS_DIR; };
		3F61A60B1A03640C00DD085B /* Info.plist */ = {isa = PBXFileReference; lastKnownFileType = text.plist.xml; path = Info.plist; sourceTree = "<group>"; };
		3F61A60C1A03640C00DD085B /* AppDelegate.swift */ = {isa = PBXFileReference; lastKnownFileType = sourcecode.swift; path = AppDelegate.swift; sourceTree = "<group>"; };
		3F61A60F1A03640C00DD085B /* coreDataExample.xcdatamodel */ = {isa = PBXFileReference; lastKnownFileType = wrapper.xcdatamodel; path = coreDataExample.xcdatamodel; sourceTree = "<group>"; };
		3F61A6111A03640C00DD085B /* ViewController.swift */ = {isa = PBXFileReference; lastKnownFileType = sourcecode.swift; path = ViewController.swift; sourceTree = "<group>"; };
		3F61A6141A03640C00DD085B /* Base */ = {isa = PBXFileReference; lastKnownFileType = file.storyboard; name = Base; path = Base.lproj/Main.storyboard; sourceTree = "<group>"; };
		3F61A6161A03640C00DD085B /* Images.xcassets */ = {isa = PBXFileReference; lastKnownFileType = folder.assetcatalog; path = Images.xcassets; sourceTree = "<group>"; };
		3F61A6191A03640C00DD085B /* Base */ = {isa = PBXFileReference; lastKnownFileType = file.xib; name = Base; path = Base.lproj/LaunchScreen.xib; sourceTree = "<group>"; };
		3F61A61F1A03640C00DD085B /* coreDataExampleTests.xctest */ = {isa = PBXFileReference; explicitFileType = wrapper.cfbundle; includeInIndex = 0; path = coreDataExampleTests.xctest; sourceTree = BUILT_PRODUCTS_DIR; };
		3F61A6241A03640C00DD085B /* Info.plist */ = {isa = PBXFileReference; lastKnownFileType = text.plist.xml; path = Info.plist; sourceTree = "<group>"; };
		3F61A6251A03640C00DD085B /* coreDataExampleTests.swift */ = {isa = PBXFileReference; lastKnownFileType = sourcecode.swift; path = coreDataExampleTests.swift; sourceTree = "<group>"; };
/* End PBXFileReference section */

/* Begin PBXFrameworksBuildPhase section */
		3F61A6041A03640C00DD085B /* Frameworks */ = {
			isa = PBXFrameworksBuildPhase;
			buildActionMask = 2147483647;
			files = (
			);
			runOnlyForDeploymentPostprocessing = 0;
		};
		3F61A61C1A03640C00DD085B /* Frameworks */ = {
			isa = PBXFrameworksBuildPhase;
			buildActionMask = 2147483647;
			files = (
			);
			runOnlyForDeploymentPostprocessing = 0;
		};
/* End PBXFrameworksBuildPhase section */

/* Begin PBXGroup section */
		3F61A5FE1A03640C00DD085B = {
			isa = PBXGroup;
			children = (
				3F61A6091A03640C00DD085B /* coreDataExample */,
				3F61A6221A03640C00DD085B /* coreDataExampleTests */,
				3F61A6081A03640C00DD085B /* Products */,
			);
			sourceTree = "<group>";
		};
		3F61A6081A03640C00DD085B /* Products */ = {
			isa = PBXGroup;
			children = (
				3F61A6071A03640C00DD085B /* coreDataExample.app */,
				3F61A61F1A03640C00DD085B /* coreDataExampleTests.xctest */,
			);
			name = Products;
			sourceTree = "<group>";
		};
		3F61A6091A03640C00DD085B /* coreDataExample */ = {
			isa = PBXGroup;
			children = (
				3F61A60C1A03640C00DD085B /* AppDelegate.swift */,
				3F61A6111A03640C00DD085B /* ViewController.swift */,
				3F61A6131A03640C00DD085B /* Main.storyboard */,
				3F61A6161A03640C00DD085B /* Images.xcassets */,
				3F61A6181A03640C00DD085B /* LaunchScreen.xib */,
				3F61A60E1A03640C00DD085B /* coreDataExample.xcdatamodeld */,
				3F61A60A1A03640C00DD085B /* Supporting Files */,
			);
			path = coreDataExample;
			sourceTree = "<group>";
		};
		3F61A60A1A03640C00DD085B /* Supporting Files */ = {
			isa = PBXGroup;
			children = (
				3F61A60B1A03640C00DD085B /* Info.plist */,
			);
			name = "Supporting Files";
			sourceTree = "<group>";
		};
		3F61A6221A03640C00DD085B /* coreDataExampleTests */ = {
			isa = PBXGroup;
			children = (
				3F61A6251A03640C00DD085B /* coreDataExampleTests.swift */,
				3F61A6231A03640C00DD085B /* Supporting Files */,
			);
			path = coreDataExampleTests;
			sourceTree = "<group>";
		};
		3F61A6231A03640C00DD085B /* Supporting Files */ = {
			isa = PBXGroup;
			children = (
				3F61A6241A03640C00DD085B /* Info.plist */,
			);
			name = "Supporting Files";
			sourceTree = "<group>";
		};
/* End PBXGroup section */

/* Begin PBXNativeTarget section */
		3F61A6061A03640C00DD085B /* coreDataExample */ = {
			isa = PBXNativeTarget;
			buildConfigurationList = 3F61A6291A03640C00DD085B /* Build configuration list for PBXNativeTarget "coreDataExample" */;
			buildPhases = (
				3F61A6031A03640C00DD085B /* Sources */,
				3F61A6041A03640C00DD085B /* Frameworks */,
				3F61A6051A03640C00DD085B /* Resources */,
			);
			buildRules = (
			);
			dependencies = (
			);
			name = coreDataExample;
			productName = coreDataExample;
			productReference = 3F61A6071A03640C00DD085B /* coreDataExample.app */;
			productType = "com.apple.product-type.application";
		};
		3F61A61E1A03640C00DD085B /* coreDataExampleTests */ = {
			isa = PBXNativeTarget;
			buildConfigurationList = 3F61A62C1A03640C00DD085B /* Build configuration list for PBXNativeTarget "coreDataExampleTests" */;
			buildPhases = (
				3F61A61B1A03640C00DD085B /* Sources */,
				3F61A61C1A03640C00DD085B /* Frameworks */,
				3F61A61D1A03640C00DD085B /* Resources */,
			);
			buildRules = (
			);
			dependencies = (
				3F61A6211A03640C00DD085B /* PBXTargetDependency */,
			);
			name = coreDataExampleTests;
			productName = coreDataExampleTests;
			productReference = 3F61A61F1A03640C00DD085B /* coreDataExampleTests.xctest */;
			productType = "com.apple.product-type.bundle.unit-test";
		};
/* End PBXNativeTarget section */

/* Begin PBXProject section */
		3F61A5FF1A03640C00DD085B /* Project object */ = {
			isa = PBXProject;
			attributes = {
				LastUpgradeCheck = 0600;
				ORGANIZATIONNAME = jay;
				TargetAttributes = {
					3F61A6061A03640C00DD085B = {
						CreatedOnToolsVersion = 6.0;
					};
					3F61A61E1A03640C00DD085B = {
						CreatedOnToolsVersion = 6.0;
						TestTargetID = 3F61A6061A03640C00DD085B;
					};
				};
			};
			buildConfigurationList = 3F61A6021A03640C00DD085B /* Build configuration list for PBXProject "coreDataExample" */;
			compatibilityVersion = "Xcode 3.2";
			developmentRegion = English;
			hasScannedForEncodings = 0;
			knownRegions = (
				en,
				Base,
			);
			mainGroup = 3F61A5FE1A03640C00DD085B;
			productRefGroup = 3F61A6081A03640C00DD085B /* Products */;
			projectDirPath = "";
			projectRoot = "";
			targets = (
				3F61A6061A03640C00DD085B /* coreDataExample */,
				3F61A61E1A03640C00DD085B /* coreDataExampleTests */,
			);
		};
/* End PBXProject section */

/* Begin PBXResourcesBuildPhase section */
		3F61A6051A03640C00DD085B /* Resources */ = {
			isa = PBXResourcesBuildPhase;
			buildActionMask = 2147483647;
			files = (
				3F61A6151A03640C00DD085B /* Main.storyboard in Resources */,
				3F61A61A1A03640C00DD085B /* LaunchScreen.xib in Resources */,
				3F61A6171A03640C00DD085B /* Images.xcassets in Resources */,
			);
			runOnlyForDeploymentPostprocessing = 0;
		};
		3F61A61D1A03640C00DD085B /* Resources */ = {
			isa = PBXResourcesBuildPhase;
			buildActionMask = 2147483647;
			files = (
			);
			runOnlyForDeploymentPostprocessing = 0;
		};
/* End PBXResourcesBuildPhase section */

/* Begin PBXSourcesBuildPhase section */
		3F61A6031A03640C00DD085B /* Sources */ = {
			isa = PBXSourcesBuildPhase;
			buildActionMask = 2147483647;
			files = (
				3F61A6121A03640C00DD085B /* ViewController.swift in Sources */,
				3F61A60D1A03640C00DD085B /* AppDelegate.swift in Sources */,
				3F61A6101A03640C00DD085B /* coreDataExample.xcdatamodeld in Sources */,
			);
			runOnlyForDeploymentPostprocessing = 0;
		};
		3F61A61B1A03640C00DD085B /* Sources */ = {
			isa = PBXSourcesBuildPhase;
			buildActionMask = 2147483647;
			files = (
				3F61A6261A03640C00DD085B /* coreDataExampleTests.swift in Sources */,
			);
			runOnlyForDeploymentPostprocessing = 0;
		};
/* End PBXSourcesBuildPhase section */

/* Begin PBXTargetDependency section */
		3F61A6211A03640C00DD085B /* PBXTargetDependency */ = {
			isa = PBXTargetDependency;
			target = 3F61A6061A03640C00DD085B /* coreDataExample */;
			targetProxy = 3F61A6201A03640C00DD085B /* PBXContainerItemProxy */;
		};
/* End PBXTargetDependency section */

/* Begin PBXVariantGroup section */
		3F61A6131A03640C00DD085B /* Main.storyboard */ = {
			isa = PBXVariantGroup;
			children = (
				3F61A6141A03640C00DD085B /* Base */,
			);
			name = Main.storyboard;
			sourceTree = "<group>";
		};
		3F61A6181A03640C00DD085B /* LaunchScreen.xib */ = {
			isa = PBXVariantGroup;
			children = (
				3F61A6191A03640C00DD085B /* Base */,
			);
			name = LaunchScreen.xib;
			sourceTree = "<group>";
		};
/* End PBXVariantGroup section */

/* Begin XCBuildConfiguration section */
		3F61A6271A03640C00DD085B /* Debug */ = {
			isa = XCBuildConfiguration;
			buildSettings = {
				ALWAYS_SEARCH_USER_PATHS = NO;
				CLANG_CXX_LANGUAGE_STANDARD = "gnu++0x";
				CLANG_CXX_LIBRARY = "libc++";
				CLANG_ENABLE_MODULES = YES;
				CLANG_ENABLE_OBJC_ARC = YES;
				CLANG_WARN_BOOL_CONVERSION = YES;
				CLANG_WARN_CONSTANT_CONVERSION = YES;
				CLANG_WARN_DIRECT_OBJC_ISA_USAGE = YES_ERROR;
				CLANG_WARN_EMPTY_BODY = YES;
				CLANG_WARN_ENUM_CONVERSION = YES;
				CLANG_WARN_INT_CONVERSION = YES;
				CLANG_WARN_OBJC_ROOT_CLASS = YES_ERROR;
				CLANG_WARN_UNREACHABLE_CODE = YES;
				CLANG_WARN__DUPLICATE_METHOD_MATCH = YES;
				"CODE_SIGN_IDENTITY[sdk=iphoneos*]" = "iPhone Developer";
				COPY_PHASE_STRIP = NO;
				ENABLE_STRICT_OBJC_MSGSEND = YES;
				GCC_C_LANGUAGE_STANDARD = gnu99;
				GCC_DYNAMIC_NO_PIC = NO;
				GCC_OPTIMIZATION_LEVEL = 0;
				GCC_PREPROCESSOR_DEFINITIONS = (
					"DEBUG=1",
					"$(inherited)",
				);
				GCC_SYMBOLS_PRIVATE_EXTERN = NO;
				GCC_WARN_64_TO_32_BIT_CONVERSION = YES;
				GCC_WARN_ABOUT_RETURN_TYPE = YES_ERROR;
				GCC_WARN_UNDECLARED_SELECTOR = YES;
				GCC_WARN_UNINITIALIZED_AUTOS = YES_AGGRESSIVE;
				GCC_WARN_UNUSED_FUNCTION = YES;
				GCC_WARN_UNUSED_VARIABLE = YES;
				IPHONEOS_DEPLOYMENT_TARGET = 8.0;
				MTL_ENABLE_DEBUG_INFO = YES;
				ONLY_ACTIVE_ARCH = YES;
				SDKROOT = iphoneos;
				SWIFT_OPTIMIZATION_LEVEL = "-Onone";
			};
			name = Debug;
		};
		3F61A6281A03640C00DD085B /* Release */ = {
			isa = XCBuildConfiguration;
			buildSettings = {
				ALWAYS_SEARCH_USER_PATHS = NO;
				CLANG_CXX_LANGUAGE_STANDARD = "gnu++0x";
				CLANG_CXX_LIBRARY = "libc++";
				CLANG_ENABLE_MODULES = YES;
				CLANG_ENABLE_OBJC_ARC = YES;
				CLANG_WARN_BOOL_CONVERSION = YES;
				CLANG_WARN_CONSTANT_CONVERSION = YES;
				CLANG_WARN_DIRECT_OBJC_ISA_USAGE = YES_ERROR;
				CLANG_WARN_EMPTY_BODY = YES;
				CLANG_WARN_ENUM_CONVERSION = YES;
				CLANG_WARN_INT_CONVERSION = YES;
				CLANG_WARN_OBJC_ROOT_CLASS = YES_ERROR;
				CLANG_WARN_UNREACHABLE_CODE = YES;
				CLANG_WARN__DUPLICATE_METHOD_MATCH = YES;
				"CODE_SIGN_IDENTITY[sdk=iphoneos*]" = "iPhone Developer";
				COPY_PHASE_STRIP = YES;
				ENABLE_NS_ASSERTIONS = NO;
				ENABLE_STRICT_OBJC_MSGSEND = YES;
				GCC_C_LANGUAGE_STANDARD = gnu99;
				GCC_WARN_64_TO_32_BIT_CONVERSION = YES;
				GCC_WARN_ABOUT_RETURN_TYPE = YES_ERROR;
				GCC_WARN_UNDECLARED_SELECTOR = YES;
				GCC_WARN_UNINITIALIZED_AUTOS = YES_AGGRESSIVE;
				GCC_WARN_UNUSED_FUNCTION = YES;
				GCC_WARN_UNUSED_VARIABLE = YES;
				IPHONEOS_DEPLOYMENT_TARGET = 8.0;
				MTL_ENABLE_DEBUG_INFO = NO;
				SDKROOT = iphoneos;
				VALIDATE_PRODUCT = YES;
			};
			name = Release;
		};
		3F61A62A1A03640C00DD085B /* Debug */ = {
			isa = XCBuildConfiguration;
			buildSettings = {
				ASSETCATALOG_COMPILER_APPICON_NAME = AppIcon;
				INFOPLIST_FILE = coreDataExample/Info.plist;
				LD_RUNPATH_SEARCH_PATHS = "$(inherited) @executable_path/Frameworks";
				PRODUCT_NAME = "$(TARGET_NAME)";
			};
			name = Debug;
		};
		3F61A62B1A03640C00DD085B /* Release */ = {
			isa = XCBuildConfiguration;
			buildSettings = {
				ASSETCATALOG_COMPILER_APPICON_NAME = AppIcon;
				INFOPLIST_FILE = coreDataExample/Info.plist;
				LD_RUNPATH_SEARCH_PATHS = "$(inherited) @executable_path/Frameworks";
				PRODUCT_NAME = "$(TARGET_NAME)";
			};
			name = Release;
		};
		3F61A62D1A03640C00DD085B /* Debug */ = {
			isa = XCBuildConfiguration;
			buildSettings = {
				BUNDLE_LOADER = "$(TEST_HOST)";
				FRAMEWORK_SEARCH_PATHS = (
					"$(SDKROOT)/Developer/Library/Frameworks",
					"$(inherited)",
				);
				GCC_PREPROCESSOR_DEFINITIONS = (
					"DEBUG=1",
					"$(inherited)",
				);
				INFOPLIST_FILE = coreDataExampleTests/Info.plist;
				LD_RUNPATH_SEARCH_PATHS = "$(inherited) @executable_path/Frameworks @loader_path/Frameworks";
				PRODUCT_NAME = "$(TARGET_NAME)";
				TEST_HOST = "$(BUILT_PRODUCTS_DIR)/coreDataExample.app/coreDataExample";
			};
			name = Debug;
		};
		3F61A62E1A03640C00DD085B /* Release */ = {
			isa = XCBuildConfiguration;
			buildSettings = {
				BUNDLE_LOADER = "$(TEST_HOST)";
				FRAMEWORK_SEARCH_PATHS = (
					"$(SDKROOT)/Developer/Library/Frameworks",
					"$(inherited)",
				);
				INFOPLIST_FILE = coreDataExampleTests/Info.plist;
				LD_RUNPATH_SEARCH_PATHS = "$(inherited) @executable_path/Frameworks @loader_path/Frameworks";
				PRODUCT_NAME = "$(TARGET_NAME)";
				TEST_HOST = "$(BUILT_PRODUCTS_DIR)/coreDataExample.app/coreDataExample";
			};
			name = Release;
		};
/* End XCBuildConfiguration section */

/* Begin XCConfigurationList section */
		3F61A6021A03640C00DD085B /* Build configuration list for PBXProject "coreDataExample" */ = {
			isa = XCConfigurationList;
			buildConfigurations = (
				3F61A6271A03640C00DD085B /* Debug */,
				3F61A6281A03640C00DD085B /* Release */,
			);
			defaultConfigurationIsVisible = 0;
			defaultConfigurationName = Release;
		};
		3F61A6291A03640C00DD085B /* Build configuration list for PBXNativeTarget "coreDataExample" */ = {
			isa = XCConfigurationList;
			buildConfigurations = (
				3F61A62A1A03640C00DD085B /* Debug */,
				3F61A62B1A03640C00DD085B /* Release */,
			);
			defaultConfigurationIsVisible = 0;
		};
		3F61A62C1A03640C00DD085B /* Build configuration list for PBXNativeTarget "coreDataExampleTests" */ = {
			isa = XCConfigurationList;
			buildConfigurations = (
				3F61A62D1A03640C00DD085B /* Debug */,
				3F61A62E1A03640C00DD085B /* Release */,
			);
			defaultConfigurationIsVisible = 0;
		};
/* End XCConfigurationList section */

/* Begin XCVersionGroup section */
		3F61A60E1A03640C00DD085B /* coreDataExample.xcdatamodeld */ = {
			isa = XCVersionGroup;
			children = (
				3F61A60F1A03640C00DD085B /* coreDataExample.xcdatamodel */,
			);
			currentVersion = 3F61A60F1A03640C00DD085B /* coreDataExample.xcdatamodel */;
			path = coreDataExample.xcdatamodeld;
			sourceTree = "<group>";
			versionGroupType = wrapper.xcdatamodel;
		};
/* End XCVersionGroup section */
	};
	rootObject = 3F61A5FF1A03640C00DD085B /* Project object */;
}
