// !$*UTF8*$!
{
	archiveVersion = 1;
	classes = {
	};
	objectVersion = 46;
	objects = {

/* Begin PBXBuildFile section */
		3F7CADD51A0C9CD900957D5A /* AppDelegate.swift in Sources */ = {isa = PBXBuildFile; fileRef = 3F7CADD41A0C9CD900957D5A /* AppDelegate.swift */; };
		3F7CADD81A0C9CD900957D5A /* Animation.xcdatamodeld in Sources */ = {isa = PBXBuildFile; fileRef = 3F7CADD61A0C9CD900957D5A /* Animation.xcdatamodeld */; };
		3F7CADDA1A0C9CD900957D5A /* ViewController.swift in Sources */ = {isa = PBXBuildFile; fileRef = 3F7CADD91A0C9CD900957D5A /* ViewController.swift */; };
		3F7CADDD1A0C9CD900957D5A /* Main.storyboard in Resources */ = {isa = PBXBuildFile; fileRef = 3F7CADDB1A0C9CD900957D5A /* Main.storyboard */; };
		3F7CADDF1A0C9CD900957D5A /* Images.xcassets in Resources */ = {isa = PBXBuildFile; fileRef = 3F7CADDE1A0C9CD900957D5A /* Images.xcassets */; };
		3F7CADE21A0C9CD900957D5A /* LaunchScreen.xib in Resources */ = {isa = PBXBuildFile; fileRef = 3F7CADE01A0C9CD900957D5A /* LaunchScreen.xib */; };
		3F7CADEE1A0C9CD900957D5A /* AnimationTests.swift in Sources */ = {isa = PBXBuildFile; fileRef = 3F7CADED1A0C9CD900957D5A /* AnimationTests.swift */; };
/* End PBXBuildFile section */

/* Begin PBXContainerItemProxy section */
		3F7CADE81A0C9CD900957D5A /* PBXContainerItemProxy */ = {
			isa = PBXContainerItemProxy;
			containerPortal = 3F7CADC71A0C9CD900957D5A /* Project object */;
			proxyType = 1;
			remoteGlobalIDString = 3F7CADCE1A0C9CD900957D5A;
			remoteInfo = Animation;
		};
/* End PBXContainerItemProxy section */

/* Begin PBXFileReference section */
		3F7CADCF1A0C9CD900957D5A /* Animation.app */ = {isa = PBXFileReference; explicitFileType = wrapper.application; includeInIndex = 0; path = Animation.app; sourceTree = BUILT_PRODUCTS_DIR; };
		3F7CADD31A0C9CD900957D5A /* Info.plist */ = {isa = PBXFileReference; lastKnownFileType = text.plist.xml; path = Info.plist; sourceTree = "<group>"; };
		3F7CADD41A0C9CD900957D5A /* AppDelegate.swift */ = {isa = PBXFileReference; lastKnownFileType = sourcecode.swift; path = AppDelegate.swift; sourceTree = "<group>"; };
		3F7CADD71A0C9CD900957D5A /* Animation.xcdatamodel */ = {isa = PBXFileReference; lastKnownFileType = wrapper.xcdatamodel; path = Animation.xcdatamodel; sourceTree = "<group>"; };
		3F7CADD91A0C9CD900957D5A /* ViewController.swift */ = {isa = PBXFileReference; lastKnownFileType = sourcecode.swift; path = ViewController.swift; sourceTree = "<group>"; };
		3F7CADDC1A0C9CD900957D5A /* Base */ = {isa = PBXFileReference; lastKnownFileType = file.storyboard; name = Base; path = Base.lproj/Main.storyboard; sourceTree = "<group>"; };
		3F7CADDE1A0C9CD900957D5A /* Images.xcassets */ = {isa = PBXFileReference; lastKnownFileType = folder.assetcatalog; path = Images.xcassets; sourceTree = "<group>"; };
		3F7CADE11A0C9CD900957D5A /* Base */ = {isa = PBXFileReference; lastKnownFileType = file.xib; name = Base; path = Base.lproj/LaunchScreen.xib; sourceTree = "<group>"; };
		3F7CADE71A0C9CD900957D5A /* AnimationTests.xctest */ = {isa = PBXFileReference; explicitFileType = wrapper.cfbundle; includeInIndex = 0; path = AnimationTests.xctest; sourceTree = BUILT_PRODUCTS_DIR; };
		3F7CADEC1A0C9CD900957D5A /* Info.plist */ = {isa = PBXFileReference; lastKnownFileType = text.plist.xml; path = Info.plist; sourceTree = "<group>"; };
		3F7CADED1A0C9CD900957D5A /* AnimationTests.swift */ = {isa = PBXFileReference; lastKnownFileType = sourcecode.swift; path = AnimationTests.swift; sourceTree = "<group>"; };
/* End PBXFileReference section */

/* Begin PBXFrameworksBuildPhase section */
		3F7CADCC1A0C9CD900957D5A /* Frameworks */ = {
			isa = PBXFrameworksBuildPhase;
			buildActionMask = 2147483647;
			files = (
			);
			runOnlyForDeploymentPostprocessing = 0;
		};
		3F7CADE41A0C9CD900957D5A /* Frameworks */ = {
			isa = PBXFrameworksBuildPhase;
			buildActionMask = 2147483647;
			files = (
			);
			runOnlyForDeploymentPostprocessing = 0;
		};
/* End PBXFrameworksBuildPhase section */

/* Begin PBXGroup section */
		3F7CADC61A0C9CD900957D5A = {
			isa = PBXGroup;
			children = (
				3F7CADD11A0C9CD900957D5A /* Animation */,
				3F7CADEA1A0C9CD900957D5A /* AnimationTests */,
				3F7CADD01A0C9CD900957D5A /* Products */,
			);
			sourceTree = "<group>";
		};
		3F7CADD01A0C9CD900957D5A /* Products */ = {
			isa = PBXGroup;
			children = (
				3F7CADCF1A0C9CD900957D5A /* Animation.app */,
				3F7CADE71A0C9CD900957D5A /* AnimationTests.xctest */,
			);
			name = Products;
			sourceTree = "<group>";
		};
		3F7CADD11A0C9CD900957D5A /* Animation */ = {
			isa = PBXGroup;
			children = (
				3F7CADD41A0C9CD900957D5A /* AppDelegate.swift */,
				3F7CADD91A0C9CD900957D5A /* ViewController.swift */,
				3F7CADDB1A0C9CD900957D5A /* Main.storyboard */,
				3F7CADDE1A0C9CD900957D5A /* Images.xcassets */,
				3F7CADE01A0C9CD900957D5A /* LaunchScreen.xib */,
				3F7CADD61A0C9CD900957D5A /* Animation.xcdatamodeld */,
				3F7CADD21A0C9CD900957D5A /* Supporting Files */,
			);
			path = Animation;
			sourceTree = "<group>";
		};
		3F7CADD21A0C9CD900957D5A /* Supporting Files */ = {
			isa = PBXGroup;
			children = (
				3F7CADD31A0C9CD900957D5A /* Info.plist */,
			);
			name = "Supporting Files";
			sourceTree = "<group>";
		};
		3F7CADEA1A0C9CD900957D5A /* AnimationTests */ = {
			isa = PBXGroup;
			children = (
				3F7CADED1A0C9CD900957D5A /* AnimationTests.swift */,
				3F7CADEB1A0C9CD900957D5A /* Supporting Files */,
			);
			path = AnimationTests;
			sourceTree = "<group>";
		};
		3F7CADEB1A0C9CD900957D5A /* Supporting Files */ = {
			isa = PBXGroup;
			children = (
				3F7CADEC1A0C9CD900957D5A /* Info.plist */,
			);
			name = "Supporting Files";
			sourceTree = "<group>";
		};
/* End PBXGroup section */

/* Begin PBXNativeTarget section */
		3F7CADCE1A0C9CD900957D5A /* Animation */ = {
			isa = PBXNativeTarget;
			buildConfigurationList = 3F7CADF11A0C9CD900957D5A /* Build configuration list for PBXNativeTarget "Animation" */;
			buildPhases = (
				3F7CADCB1A0C9CD900957D5A /* Sources */,
				3F7CADCC1A0C9CD900957D5A /* Frameworks */,
				3F7CADCD1A0C9CD900957D5A /* Resources */,
			);
			buildRules = (
			);
			dependencies = (
			);
			name = Animation;
			productName = Animation;
			productReference = 3F7CADCF1A0C9CD900957D5A /* Animation.app */;
			productType = "com.apple.product-type.application";
		};
		3F7CADE61A0C9CD900957D5A /* AnimationTests */ = {
			isa = PBXNativeTarget;
			buildConfigurationList = 3F7CADF41A0C9CD900957D5A /* Build configuration list for PBXNativeTarget "AnimationTests" */;
			buildPhases = (
				3F7CADE31A0C9CD900957D5A /* Sources */,
				3F7CADE41A0C9CD900957D5A /* Frameworks */,
				3F7CADE51A0C9CD900957D5A /* Resources */,
			);
			buildRules = (
			);
			dependencies = (
				3F7CADE91A0C9CD900957D5A /* PBXTargetDependency */,
			);
			name = AnimationTests;
			productName = AnimationTests;
			productReference = 3F7CADE71A0C9CD900957D5A /* AnimationTests.xctest */;
			productType = "com.apple.product-type.bundle.unit-test";
		};
/* End PBXNativeTarget section */

/* Begin PBXProject section */
		3F7CADC71A0C9CD900957D5A /* Project object */ = {
			isa = PBXProject;
			attributes = {
				LastUpgradeCheck = 0600;
				ORGANIZATIONNAME = jay;
				TargetAttributes = {
					3F7CADCE1A0C9CD900957D5A = {
						CreatedOnToolsVersion = 6.0;
					};
					3F7CADE61A0C9CD900957D5A = {
						CreatedOnToolsVersion = 6.0;
						TestTargetID = 3F7CADCE1A0C9CD900957D5A;
					};
				};
			};
			buildConfigurationList = 3F7CADCA1A0C9CD900957D5A /* Build configuration list for PBXProject "Animation" */;
			compatibilityVersion = "Xcode 3.2";
			developmentRegion = English;
			hasScannedForEncodings = 0;
			knownRegions = (
				en,
				Base,
			);
			mainGroup = 3F7CADC61A0C9CD900957D5A;
			productRefGroup = 3F7CADD01A0C9CD900957D5A /* Products */;
			projectDirPath = "";
			projectRoot = "";
			targets = (
				3F7CADCE1A0C9CD900957D5A /* Animation */,
				3F7CADE61A0C9CD900957D5A /* AnimationTests */,
			);
		};
/* End PBXProject section */

/* Begin PBXResourcesBuildPhase section */
		3F7CADCD1A0C9CD900957D5A /* Resources */ = {
			isa = PBXResourcesBuildPhase;
			buildActionMask = 2147483647;
			files = (
				3F7CADDD1A0C9CD900957D5A /* Main.storyboard in Resources */,
				3F7CADE21A0C9CD900957D5A /* LaunchScreen.xib in Resources */,
				3F7CADDF1A0C9CD900957D5A /* Images.xcassets in Resources */,
			);
			runOnlyForDeploymentPostprocessing = 0;
		};
		3F7CADE51A0C9CD900957D5A /* Resources */ = {
			isa = PBXResourcesBuildPhase;
			buildActionMask = 2147483647;
			files = (
			);
			runOnlyForDeploymentPostprocessing = 0;
		};
/* End PBXResourcesBuildPhase section */

/* Begin PBXSourcesBuildPhase section */
		3F7CADCB1A0C9CD900957D5A /* Sources */ = {
			isa = PBXSourcesBuildPhase;
			buildActionMask = 2147483647;
			files = (
				3F7CADDA1A0C9CD900957D5A /* ViewController.swift in Sources */,
				3F7CADD81A0C9CD900957D5A /* Animation.xcdatamodeld in Sources */,
				3F7CADD51A0C9CD900957D5A /* AppDelegate.swift in Sources */,
			);
			runOnlyForDeploymentPostprocessing = 0;
		};
		3F7CADE31A0C9CD900957D5A /* Sources */ = {
			isa = PBXSourcesBuildPhase;
			buildActionMask = 2147483647;
			files = (
				3F7CADEE1A0C9CD900957D5A /* AnimationTests.swift in Sources */,
			);
			runOnlyForDeploymentPostprocessing = 0;
		};
/* End PBXSourcesBuildPhase section */

/* Begin PBXTargetDependency section */
		3F7CADE91A0C9CD900957D5A /* PBXTargetDependency */ = {
			isa = PBXTargetDependency;
			target = 3F7CADCE1A0C9CD900957D5A /* Animation */;
			targetProxy = 3F7CADE81A0C9CD900957D5A /* PBXContainerItemProxy */;
		};
/* End PBXTargetDependency section */

/* Begin PBXVariantGroup section */
		3F7CADDB1A0C9CD900957D5A /* Main.storyboard */ = {
			isa = PBXVariantGroup;
			children = (
				3F7CADDC1A0C9CD900957D5A /* Base */,
			);
			name = Main.storyboard;
			sourceTree = "<group>";
		};
		3F7CADE01A0C9CD900957D5A /* LaunchScreen.xib */ = {
			isa = PBXVariantGroup;
			children = (
				3F7CADE11A0C9CD900957D5A /* Base */,
			);
			name = LaunchScreen.xib;
			sourceTree = "<group>";
		};
/* End PBXVariantGroup section */

/* Begin XCBuildConfiguration section */
		3F7CADEF1A0C9CD900957D5A /* Debug */ = {
			isa = XCBuildConfiguration;
			buildSettings = {
				ALWAYS_SEARCH_USER_PATHS = NO;
				CLANG_CXX_LANGUAGE_STANDARD = "gnu++0x";
				CLANG_CXX_LIBRARY = "libc++";
				CLANG_ENABLE_MODULES = YES;
				CLANG_ENABLE_OBJC_ARC = YES;
				CLANG_WARN_BOOL_CONVERSION = YES;
				CLANG_WARN_CONSTANT_CONVERSION = YES;
				CLANG_WARN_DIRECT_OBJC_ISA_USAGE = YES_ERROR;
				CLANG_WARN_EMPTY_BODY = YES;
				CLANG_WARN_ENUM_CONVERSION = YES;
				CLANG_WARN_INT_CONVERSION = YES;
				CLANG_WARN_OBJC_ROOT_CLASS = YES_ERROR;
				CLANG_WARN_UNREACHABLE_CODE = YES;
				CLANG_WARN__DUPLICATE_METHOD_MATCH = YES;
				"CODE_SIGN_IDENTITY[sdk=iphoneos*]" = "iPhone Developer";
				COPY_PHASE_STRIP = NO;
				ENABLE_STRICT_OBJC_MSGSEND = YES;
				GCC_C_LANGUAGE_STANDARD = gnu99;
				GCC_DYNAMIC_NO_PIC = NO;
				GCC_OPTIMIZATION_LEVEL = 0;
				GCC_PREPROCESSOR_DEFINITIONS = (
					"DEBUG=1",
					"$(inherited)",
				);
				GCC_SYMBOLS_PRIVATE_EXTERN = NO;
				GCC_WARN_64_TO_32_BIT_CONVERSION = YES;
				GCC_WARN_ABOUT_RETURN_TYPE = YES_ERROR;
				GCC_WARN_UNDECLARED_SELECTOR = YES;
				GCC_WARN_UNINITIALIZED_AUTOS = YES_AGGRESSIVE;
				GCC_WARN_UNUSED_FUNCTION = YES;
				GCC_WARN_UNUSED_VARIABLE = YES;
				IPHONEOS_DEPLOYMENT_TARGET = 8.0;
				MTL_ENABLE_DEBUG_INFO = YES;
				ONLY_ACTIVE_ARCH = YES;
				SDKROOT = iphoneos;
				SWIFT_OPTIMIZATION_LEVEL = "-Onone";
			};
			name = Debug;
		};
		3F7CADF01A0C9CD900957D5A /* Release */ = {
			isa = XCBuildConfiguration;
			buildSettings = {
				ALWAYS_SEARCH_USER_PATHS = NO;
				CLANG_CXX_LANGUAGE_STANDARD = "gnu++0x";
				CLANG_CXX_LIBRARY = "libc++";
				CLANG_ENABLE_MODULES = YES;
				CLANG_ENABLE_OBJC_ARC = YES;
				CLANG_WARN_BOOL_CONVERSION = YES;
				CLANG_WARN_CONSTANT_CONVERSION = YES;
				CLANG_WARN_DIRECT_OBJC_ISA_USAGE = YES_ERROR;
				CLANG_WARN_EMPTY_BODY = YES;
				CLANG_WARN_ENUM_CONVERSION = YES;
				CLANG_WARN_INT_CONVERSION = YES;
				CLANG_WARN_OBJC_ROOT_CLASS = YES_ERROR;
				CLANG_WARN_UNREACHABLE_CODE = YES;
				CLANG_WARN__DUPLICATE_METHOD_MATCH = YES;
				"CODE_SIGN_IDENTITY[sdk=iphoneos*]" = "iPhone Developer";
				COPY_PHASE_STRIP = YES;
				ENABLE_NS_ASSERTIONS = NO;
				ENABLE_STRICT_OBJC_MSGSEND = YES;
				GCC_C_LANGUAGE_STANDARD = gnu99;
				GCC_WARN_64_TO_32_BIT_CONVERSION = YES;
				GCC_WARN_ABOUT_RETURN_TYPE = YES_ERROR;
				GCC_WARN_UNDECLARED_SELECTOR = YES;
				GCC_WARN_UNINITIALIZED_AUTOS = YES_AGGRESSIVE;
				GCC_WARN_UNUSED_FUNCTION = YES;
				GCC_WARN_UNUSED_VARIABLE = YES;
				IPHONEOS_DEPLOYMENT_TARGET = 8.0;
				MTL_ENABLE_DEBUG_INFO = NO;
				SDKROOT = iphoneos;
				VALIDATE_PRODUCT = YES;
			};
			name = Release;
		};
		3F7CADF21A0C9CD900957D5A /* Debug */ = {
			isa = XCBuildConfiguration;
			buildSettings = {
				ASSETCATALOG_COMPILER_APPICON_NAME = AppIcon;
				INFOPLIST_FILE = Animation/Info.plist;
				LD_RUNPATH_SEARCH_PATHS = "$(inherited) @executable_path/Frameworks";
				PRODUCT_NAME = "$(TARGET_NAME)";
			};
			name = Debug;
		};
		3F7CADF31A0C9CD900957D5A /* Release */ = {
			isa = XCBuildConfiguration;
			buildSettings = {
				ASSETCATALOG_COMPILER_APPICON_NAME = AppIcon;
				INFOPLIST_FILE = Animation/Info.plist;
				LD_RUNPATH_SEARCH_PATHS = "$(inherited) @executable_path/Frameworks";
				PRODUCT_NAME = "$(TARGET_NAME)";
			};
			name = Release;
		};
		3F7CADF51A0C9CD900957D5A /* Debug */ = {
			isa = XCBuildConfiguration;
			buildSettings = {
				BUNDLE_LOADER = "$(TEST_HOST)";
				FRAMEWORK_SEARCH_PATHS = (
					"$(SDKROOT)/Developer/Library/Frameworks",
					"$(inherited)",
				);
				GCC_PREPROCESSOR_DEFINITIONS = (
					"DEBUG=1",
					"$(inherited)",
				);
				INFOPLIST_FILE = AnimationTests/Info.plist;
				LD_RUNPATH_SEARCH_PATHS = "$(inherited) @executable_path/Frameworks @loader_path/Frameworks";
				PRODUCT_NAME = "$(TARGET_NAME)";
				TEST_HOST = "$(BUILT_PRODUCTS_DIR)/Animation.app/Animation";
			};
			name = Debug;
		};
		3F7CADF61A0C9CD900957D5A /* Release */ = {
			isa = XCBuildConfiguration;
			buildSettings = {
				BUNDLE_LOADER = "$(TEST_HOST)";
				FRAMEWORK_SEARCH_PATHS = (
					"$(SDKROOT)/Developer/Library/Frameworks",
					"$(inherited)",
				);
				INFOPLIST_FILE = AnimationTests/Info.plist;
				LD_RUNPATH_SEARCH_PATHS = "$(inherited) @executable_path/Frameworks @loader_path/Frameworks";
				PRODUCT_NAME = "$(TARGET_NAME)";
				TEST_HOST = "$(BUILT_PRODUCTS_DIR)/Animation.app/Animation";
			};
			name = Release;
		};
/* End XCBuildConfiguration section */

/* Begin XCConfigurationList section */
		3F7CADCA1A0C9CD900957D5A /* Build configuration list for PBXProject "Animation" */ = {
			isa = XCConfigurationList;
			buildConfigurations = (
				3F7CADEF1A0C9CD900957D5A /* Debug */,
				3F7CADF01A0C9CD900957D5A /* Release */,
			);
			defaultConfigurationIsVisible = 0;
			defaultConfigurationName = Release;
		};
		3F7CADF11A0C9CD900957D5A /* Build configuration list for PBXNativeTarget "Animation" */ = {
			isa = XCConfigurationList;
			buildConfigurations = (
				3F7CADF21A0C9CD900957D5A /* Debug */,
				3F7CADF31A0C9CD900957D5A /* Release */,
			);
			defaultConfigurationIsVisible = 0;
		};
		3F7CADF41A0C9CD900957D5A /* Build configuration list for PBXNativeTarget "AnimationTests" */ = {
			isa = XCConfigurationList;
			buildConfigurations = (
				3F7CADF51A0C9CD900957D5A /* Debug */,
				3F7CADF61A0C9CD900957D5A /* Release */,
			);
			defaultConfigurationIsVisible = 0;
		};
/* End XCConfigurationList section */

/* Begin XCVersionGroup section */
		3F7CADD61A0C9CD900957D5A /* Animation.xcdatamodeld */ = {
			isa = XCVersionGroup;
			children = (
				3F7CADD71A0C9CD900957D5A /* Animation.xcdatamodel */,
			);
			currentVersion = 3F7CADD71A0C9CD900957D5A /* Animation.xcdatamodel */;
			path = Animation.xcdatamodeld;
			sourceTree = "<group>";
			versionGroupType = wrapper.xcdatamodel;
		};
/* End XCVersionGroup section */
	};
	rootObject = 3F7CADC71A0C9CD900957D5A /* Project object */;
}
